<?xml version="1.0" encoding="UTF-8" standalone="yes" ?>
<CodeBlocks_project_file>
   <FileVersion major="1" minor="6" />
   <Project>
      <Option title="masteroids" />
      <Option makefile_is_custom="1" />
      <Option compiler="gcc" />
      <Option virtualFolders="CMake Files\;CMake Files\cmake_modules\;" />
      <Build>
      <Target title="all">
         <Option working_dir="/Users/sawczc01/personal/masteroids" />
         <Option type="4" />
         <MakeCommands>
            <Build command="/usr/bin/make -f &quot;/Users/sawczc01/personal/masteroids/Makefile&quot;  VERBOSE=1 all" />
            <CompileFile command="/usr/bin/make -f &quot;/Users/sawczc01/personal/masteroids/Makefile&quot;  VERBOSE=1 &quot;$file&quot;" />
            <Clean command="/usr/bin/make -f &quot;/Users/sawczc01/personal/masteroids/Makefile&quot;  VERBOSE=1 clean" />
            <DistClean command="/usr/bin/make -f &quot;/Users/sawczc01/personal/masteroids/Makefile&quot;  VERBOSE=1 clean" />
         </MakeCommands>
      </Target>
      <Target title="edit_cache">
         <Option working_dir="/Users/sawczc01/personal/masteroids" />
         <Option type="4" />
         <MakeCommands>
            <Build command="/usr/bin/make -f &quot;/Users/sawczc01/personal/masteroids/Makefile&quot;  VERBOSE=1 edit_cache" />
            <CompileFile command="/usr/bin/make -f &quot;/Users/sawczc01/personal/masteroids/Makefile&quot;  VERBOSE=1 &quot;$file&quot;" />
            <Clean command="/usr/bin/make -f &quot;/Users/sawczc01/personal/masteroids/Makefile&quot;  VERBOSE=1 clean" />
            <DistClean command="/usr/bin/make -f &quot;/Users/sawczc01/personal/masteroids/Makefile&quot;  VERBOSE=1 clean" />
         </MakeCommands>
      </Target>
      <Target title="rebuild_cache">
         <Option working_dir="/Users/sawczc01/personal/masteroids" />
         <Option type="4" />
         <MakeCommands>
            <Build command="/usr/bin/make -f &quot;/Users/sawczc01/personal/masteroids/Makefile&quot;  VERBOSE=1 rebuild_cache" />
            <CompileFile command="/usr/bin/make -f &quot;/Users/sawczc01/personal/masteroids/Makefile&quot;  VERBOSE=1 &quot;$file&quot;" />
            <Clean command="/usr/bin/make -f &quot;/Users/sawczc01/personal/masteroids/Makefile&quot;  VERBOSE=1 clean" />
            <DistClean command="/usr/bin/make -f &quot;/Users/sawczc01/personal/masteroids/Makefile&quot;  VERBOSE=1 clean" />
         </MakeCommands>
      </Target>
      <Target title="masteroids">
         <Option output="/Users/sawczc01/personal/masteroids/masteroids" prefix_auto="0" extension_auto="0" />
         <Option working_dir="/Users/sawczc01/personal/masteroids" />
         <Option object_output="./" />
         <Option type="1" />
         <Option compiler="gcc" />
         <Compiler>
            <Add directory="/Users/sawczc01/personal/masteroids/." />
            <Add directory="/Users/sawczc01/personal/masteroids/libwiiwrap" />
         </Compiler>
         <MakeCommands>
            <Build command="/usr/bin/make -f &quot;/Users/sawczc01/personal/masteroids/Makefile&quot;  VERBOSE=1 masteroids" />
            <CompileFile command="/usr/bin/make -f &quot;/Users/sawczc01/personal/masteroids/Makefile&quot;  VERBOSE=1 &quot;$file&quot;" />
            <Clean command="/usr/bin/make -f &quot;/Users/sawczc01/personal/masteroids/Makefile&quot;  VERBOSE=1 clean" />
            <DistClean command="/usr/bin/make -f &quot;/Users/sawczc01/personal/masteroids/Makefile&quot;  VERBOSE=1 clean" />
         </MakeCommands>
      </Target>
      <Target title="masteroids/fast">
         <Option output="/Users/sawczc01/personal/masteroids/masteroids" prefix_auto="0" extension_auto="0" />
         <Option working_dir="/Users/sawczc01/personal/masteroids" />
         <Option object_output="./" />
         <Option type="1" />
         <Option compiler="gcc" />
         <Compiler>
            <Add directory="/Users/sawczc01/personal/masteroids/." />
            <Add directory="/Users/sawczc01/personal/masteroids/libwiiwrap" />
         </Compiler>
         <MakeCommands>
            <Build command="/usr/bin/make -f &quot;/Users/sawczc01/personal/masteroids/Makefile&quot;  VERBOSE=1 masteroids/fast" />
            <CompileFile command="/usr/bin/make -f &quot;/Users/sawczc01/personal/masteroids/Makefile&quot;  VERBOSE=1 &quot;$file&quot;" />
            <Clean command="/usr/bin/make -f &quot;/Users/sawczc01/personal/masteroids/Makefile&quot;  VERBOSE=1 clean" />
            <DistClean command="/usr/bin/make -f &quot;/Users/sawczc01/personal/masteroids/Makefile&quot;  VERBOSE=1 clean" />
         </MakeCommands>
      </Target>
      </Build>
      <Unit filename="/Users/sawczc01/personal/masteroids/about.cpp">
      </Unit>
      <Unit filename="/Users/sawczc01/personal/masteroids/actor.cpp">
      </Unit>
      <Unit filename="/Users/sawczc01/personal/masteroids/alivemonitor.cpp">
      </Unit>
      <Unit filename="/Users/sawczc01/personal/masteroids/bullet.cpp">
      </Unit>
      <Unit filename="/Users/sawczc01/personal/masteroids/bulletgenerator.cpp">
      </Unit>
      <Unit filename="/Users/sawczc01/personal/masteroids/controlconf.cpp">
      </Unit>
      <Unit filename="/Users/sawczc01/personal/masteroids/debris.cpp">
      </Unit>
      <Unit filename="/Users/sawczc01/personal/masteroids/debrisfountain.cpp">
      </Unit>
      <Unit filename="/Users/sawczc01/personal/masteroids/direction.cpp">
      </Unit>
      <Unit filename="/Users/sawczc01/personal/masteroids/elapsedtimetolive.cpp">
      </Unit>
      <Unit filename="/Users/sawczc01/personal/masteroids/entitylist.cpp">
      </Unit>
      <Unit filename="/Users/sawczc01/personal/masteroids/gameover.cpp">
      </Unit>
      <Unit filename="/Users/sawczc01/personal/masteroids/gametime.cpp">
      </Unit>
      <Unit filename="/Users/sawczc01/personal/masteroids/gfx/sfmlfont.cpp">
      </Unit>
      <Unit filename="/Users/sawczc01/personal/masteroids/gfx/sfmlgfx.cpp">
      </Unit>
      <Unit filename="/Users/sawczc01/personal/masteroids/gfx/sfmlresourcemanager.cpp">
      </Unit>
      <Unit filename="/Users/sawczc01/personal/masteroids/input/gamepad.cpp">
      </Unit>
      <Unit filename="/Users/sawczc01/personal/masteroids/input/gamepadinputmanager.cpp">
      </Unit>
      <Unit filename="/Users/sawczc01/personal/masteroids/input/keyboardsource.cpp">
      </Unit>
      <Unit filename="/Users/sawczc01/personal/masteroids/libwiiwrap/gccore.cpp">
      </Unit>
      <Unit filename="/Users/sawczc01/personal/masteroids/libwiiwrap/ogc/lwp_watchdog.cpp">
      </Unit>
      <Unit filename="/Users/sawczc01/personal/masteroids/libwiiwrap/ogcsys.cpp">
      </Unit>
      <Unit filename="/Users/sawczc01/personal/masteroids/libwiiwrap/wiiuse/wpad.cpp">
      </Unit>
      <Unit filename="/Users/sawczc01/personal/masteroids/main.cpp">
      </Unit>
      <Unit filename="/Users/sawczc01/personal/masteroids/menu.cpp">
      </Unit>
      <Unit filename="/Users/sawczc01/personal/masteroids/movers/fixeddirectionmover.cpp">
      </Unit>
      <Unit filename="/Users/sawczc01/personal/masteroids/movers/shipmover.cpp">
      </Unit>
      <Unit filename="/Users/sawczc01/personal/masteroids/options.cpp">
      </Unit>
      <Unit filename="/Users/sawczc01/personal/masteroids/pausedialog.cpp">
      </Unit>
      <Unit filename="/Users/sawczc01/personal/masteroids/playermanager.cpp">
      </Unit>
      <Unit filename="/Users/sawczc01/personal/masteroids/position.cpp">
      </Unit>
      <Unit filename="/Users/sawczc01/personal/masteroids/renderers/asteroidrenderer.cpp">
      </Unit>
      <Unit filename="/Users/sawczc01/personal/masteroids/renderers/bulletrenderer.cpp">
      </Unit>
      <Unit filename="/Users/sawczc01/personal/masteroids/renderers/gameoverrenderer.cpp">
      </Unit>
      <Unit filename="/Users/sawczc01/personal/masteroids/renderers/livesrenderer.cpp">
      </Unit>
      <Unit filename="/Users/sawczc01/personal/masteroids/renderers/optionsrenderer.cpp">
      </Unit>
      <Unit filename="/Users/sawczc01/personal/masteroids/renderers/pausedialogrenderer.cpp">
      </Unit>
      <Unit filename="/Users/sawczc01/personal/masteroids/renderers/scorerenderer.cpp">
      </Unit>
      <Unit filename="/Users/sawczc01/personal/masteroids/renderers/shiprenderer.cpp">
      </Unit>
      <Unit filename="/Users/sawczc01/personal/masteroids/screenmanager.cpp">
      </Unit>
      <Unit filename="/Users/sawczc01/personal/masteroids/screens/gameoverscreen.cpp">
      </Unit>
      <Unit filename="/Users/sawczc01/personal/masteroids/screens/gamescreen.cpp">
      </Unit>
      <Unit filename="/Users/sawczc01/personal/masteroids/screens/menuscreen.cpp">
      </Unit>
      <Unit filename="/Users/sawczc01/personal/masteroids/shape.cpp">
      </Unit>
      <Unit filename="/Users/sawczc01/personal/masteroids/about.h">
      </Unit>
      <Unit filename="/Users/sawczc01/personal/masteroids/actor.h">
      </Unit>
      <Unit filename="/Users/sawczc01/personal/masteroids/alivemonitor.h">
      </Unit>
      <Unit filename="/Users/sawczc01/personal/masteroids/asteroidfactory.h">
      </Unit>
      <Unit filename="/Users/sawczc01/personal/masteroids/bullet.h">
      </Unit>
      <Unit filename="/Users/sawczc01/personal/masteroids/bulletfactory.h">
      </Unit>
      <Unit filename="/Users/sawczc01/personal/masteroids/bulletgenerator.h">
      </Unit>
      <Unit filename="/Users/sawczc01/personal/masteroids/controlconf.h">
      </Unit>
      <Unit filename="/Users/sawczc01/personal/masteroids/debris.h">
      </Unit>
      <Unit filename="/Users/sawczc01/personal/masteroids/debrisfountain.h">
      </Unit>
      <Unit filename="/Users/sawczc01/personal/masteroids/direction.h">
      </Unit>
      <Unit filename="/Users/sawczc01/personal/masteroids/directioncontroller.h">
      </Unit>
      <Unit filename="/Users/sawczc01/personal/masteroids/elapsedtimetolive.h">
      </Unit>
      <Unit filename="/Users/sawczc01/personal/masteroids/entity.h">
      </Unit>
      <Unit filename="/Users/sawczc01/personal/masteroids/entitylist.h">
      </Unit>
      <Unit filename="/Users/sawczc01/personal/masteroids/font5.h">
      </Unit>
      <Unit filename="/Users/sawczc01/personal/masteroids/gameover.h">
      </Unit>
      <Unit filename="/Users/sawczc01/personal/masteroids/gametime.h">
      </Unit>
      <Unit filename="/Users/sawczc01/personal/masteroids/gfx/gfx.h">
      </Unit>
      <Unit filename="/Users/sawczc01/personal/masteroids/gfx/resourcemanager.h">
      </Unit>
      <Unit filename="/Users/sawczc01/personal/masteroids/gfx/sfmlfont.h">
      </Unit>
      <Unit filename="/Users/sawczc01/personal/masteroids/gfx/sfmlgfx.h">
      </Unit>
      <Unit filename="/Users/sawczc01/personal/masteroids/images/about_img.h">
      </Unit>
      <Unit filename="/Users/sawczc01/personal/masteroids/images/asteroid_banner.h">
      </Unit>
      <Unit filename="/Users/sawczc01/personal/masteroids/images/controllers.h">
      </Unit>
      <Unit filename="/Users/sawczc01/personal/masteroids/images/controls_img.h">
      </Unit>
      <Unit filename="/Users/sawczc01/personal/masteroids/images/game_over_img.h">
      </Unit>
      <Unit filename="/Users/sawczc01/personal/masteroids/images/options_img.h">
      </Unit>
      <Unit filename="/Users/sawczc01/personal/masteroids/input/gamepad.h">
      </Unit>
      <Unit filename="/Users/sawczc01/personal/masteroids/input/gamepadinputmanager.h">
      </Unit>
      <Unit filename="/Users/sawczc01/personal/masteroids/input/keyboardsource.h">
      </Unit>
      <Unit filename="/Users/sawczc01/personal/masteroids/libwiiwrap/gccore.h">
      </Unit>
      <Unit filename="/Users/sawczc01/personal/masteroids/libwiiwrap/ogc/lwp_watchdog.h">
      </Unit>
      <Unit filename="/Users/sawczc01/personal/masteroids/libwiiwrap/ogcsys.h">
      </Unit>
      <Unit filename="/Users/sawczc01/personal/masteroids/libwiiwrap/wiiuse/wpad.h">
      </Unit>
      <Unit filename="/Users/sawczc01/personal/masteroids/menu.h">
      </Unit>
      <Unit filename="/Users/sawczc01/personal/masteroids/menuscreenitem.h">
      </Unit>
      <Unit filename="/Users/sawczc01/personal/masteroids/movers/bulletmover.h">
      </Unit>
      <Unit filename="/Users/sawczc01/personal/masteroids/movers/fixeddirectionmover.h">
      </Unit>
      <Unit filename="/Users/sawczc01/personal/masteroids/movers/mover.h">
      </Unit>
      <Unit filename="/Users/sawczc01/personal/masteroids/movers/shipmover.h">
      </Unit>
      <Unit filename="/Users/sawczc01/personal/masteroids/options.h">
      </Unit>
      <Unit filename="/Users/sawczc01/personal/masteroids/pausedialog.h">
      </Unit>
      <Unit filename="/Users/sawczc01/personal/masteroids/playermanager.h">
      </Unit>
      <Unit filename="/Users/sawczc01/personal/masteroids/position.h">
      </Unit>
      <Unit filename="/Users/sawczc01/personal/masteroids/renderers/aboutrenderer.h">
      </Unit>
      <Unit filename="/Users/sawczc01/personal/masteroids/renderers/asteroidrenderer.h">
      </Unit>
      <Unit filename="/Users/sawczc01/personal/masteroids/renderers/bulletrenderer.h">
      </Unit>
      <Unit filename="/Users/sawczc01/personal/masteroids/renderers/debrisrender.h">
      </Unit>
      <Unit filename="/Users/sawczc01/personal/masteroids/renderers/gameoverrenderer.h">
      </Unit>
      <Unit filename="/Users/sawczc01/personal/masteroids/renderers/livesrenderer.h">
      </Unit>
      <Unit filename="/Users/sawczc01/personal/masteroids/renderers/menurenderer.h">
      </Unit>
      <Unit filename="/Users/sawczc01/personal/masteroids/renderers/optionsrenderer.h">
      </Unit>
      <Unit filename="/Users/sawczc01/personal/masteroids/renderers/pausedialogrenderer.h">
      </Unit>
      <Unit filename="/Users/sawczc01/personal/masteroids/renderers/renderer.h">
      </Unit>
      <Unit filename="/Users/sawczc01/personal/masteroids/renderers/scorerenderer.h">
      </Unit>
      <Unit filename="/Users/sawczc01/personal/masteroids/renderers/shiprenderer.h">
      </Unit>
      <Unit filename="/Users/sawczc01/personal/masteroids/screenmanager.h">
      </Unit>
      <Unit filename="/Users/sawczc01/personal/masteroids/screens/gameoverscreen.h">
      </Unit>
      <Unit filename="/Users/sawczc01/personal/masteroids/screens/gamescreen.h">
      </Unit>
      <Unit filename="/Users/sawczc01/personal/masteroids/screens/menuscreen.h">
      </Unit>
      <Unit filename="/Users/sawczc01/personal/masteroids/screens/screen.h">
      </Unit>
      <Unit filename="/Users/sawczc01/personal/masteroids/shape.h">
      </Unit>
      <Unit filename="/Users/sawczc01/personal/masteroids/shipfactory.h">
      </Unit>
      <Unit filename="/Users/sawczc01/personal/masteroids/vector.h">
      </Unit>
      <Unit filename="/Users/sawczc01/personal/masteroids/CMakeLists.txt">
          <Option virtualFolder="CMake Files\" />
      </Unit>
      <Unit filename="/Users/sawczc01/personal/masteroids/cmake_modules/FindSFML.cmake">
          <Option virtualFolder="CMake Files\cmake_modules\" />
      </Unit>
   </Project>
</CodeBlocks_project_file>
